
Microsoft Visual Studio Solution File, Format Version 12.00
# Visual Studio Version 16
VisualStudioVersion = 16.0.29324.140
MinimumVisualStudioVersion = 10.0.40219.1
Project("{FAE04EC0-301F-11D3-BF4B-00C04F79EFBC}") = "Lab 2.1", "Lab 2.1\Lab 2.1.csproj", "{389B4F22-AFEB-4E90-8FC0-CB73C4535898}"
EndProject
Project("{FAE04EC0-301F-11D3-BF4B-00C04F79EFBC}") = "Lab 2.2", "Lab 2.2\Lab 2.2.csproj", "{CD1A78B1-DDD7-4D4E-9E71-503714DF6798}"
EndProject
Project("{FAE04EC0-301F-11D3-BF4B-00C04F79EFBC}") = "Lab 2.3", "Lab 2.3\Lab 2.3.csproj", "{9690C95F-7333-4409-AE72-947BA33CBCCA}"
EndProject
Project("{FAE04EC0-301F-11D3-BF4B-00C04F79EFBC}") = "Lab 2.4", "Lab 2.4\Lab 2.4.csproj", "{E7C93AED-28FE-42D7-9057-AADF27A71E00}"
EndProject
Project("{FAE04EC0-301F-11D3-BF4B-00C04F79EFBC}") = "Lab 2.5", "Lab 2.5\Lab 2.5.csproj", "{E987D694-EBB5-4D41-9173-C8702726A24F}"
EndProject
Global
	GlobalSection(SolutionConfigurationPlatforms) = preSolution
		Debug|Any CPU = Debug|Any CPU
		Release|Any CPU = Release|Any CPU
	EndGlobalSection
	GlobalSection(ProjectConfigurationPlatforms) = postSolution
		{389B4F22-AFEB-4E90-8FC0-CB73C4535898}.Debug|Any CPU.ActiveCfg = Debug|Any CPU
		{389B4F22-AFEB-4E90-8FC0-CB73C4535898}.Debug|Any CPU.Build.0 = Debug|Any CPU
		{389B4F22-AFEB-4E90-8FC0-CB73C4535898}.Release|Any CPU.ActiveCfg = Release|Any CPU
		{389B4F22-AFEB-4E90-8FC0-CB73C4535898}.Release|Any CPU.Build.0 = Release|Any CPU
		{CD1A78B1-DDD7-4D4E-9E71-503714DF6798}.Debug|Any CPU.ActiveCfg = Debug|Any CPU
		{CD1A78B1-DDD7-4D4E-9E71-503714DF6798}.Debug|Any CPU.Build.0 = Debug|Any CPU
		{CD1A78B1-DDD7-4D4E-9E71-503714DF6798}.Release|Any CPU.ActiveCfg = Release|Any CPU
		{CD1A78B1-DDD7-4D4E-9E71-503714DF6798}.Release|Any CPU.Build.0 = Release|Any CPU
		{9690C95F-7333-4409-AE72-947BA33CBCCA}.Debug|Any CPU.ActiveCfg = Debug|Any CPU
		{9690C95F-7333-4409-AE72-947BA33CBCCA}.Debug|Any CPU.Build.0 = Debug|Any CPU
		{9690C95F-7333-4409-AE72-947BA33CBCCA}.Release|Any CPU.ActiveCfg = Release|Any CPU
		{9690C95F-7333-4409-AE72-947BA33CBCCA}.Release|Any CPU.Build.0 = Release|Any CPU
		{E7C93AED-28FE-42D7-9057-AADF27A71E00}.Debug|Any CPU.ActiveCfg = Debug|Any CPU
		{E7C93AED-28FE-42D7-9057-AADF27A71E00}.Debug|Any CPU.Build.0 = Debug|Any CPU
		{E7C93AED-28FE-42D7-9057-AADF27A71E00}.Release|Any CPU.ActiveCfg = Release|Any CPU
		{E7C93AED-28FE-42D7-9057-AADF27A71E00}.Release|Any CPU.Build.0 = Release|Any CPU
		{E987D694-EBB5-4D41-9173-C8702726A24F}.Debug|Any CPU.ActiveCfg = Debug|Any CPU
		{E987D694-EBB5-4D41-9173-C8702726A24F}.Debug|Any CPU.Build.0 = Debug|Any CPU
		{E987D694-EBB5-4D41-9173-C8702726A24F}.Release|Any CPU.ActiveCfg = Release|Any CPU
		{E987D694-EBB5-4D41-9173-C8702726A24F}.Release|Any CPU.Build.0 = Release|Any CPU
	EndGlobalSection
	GlobalSection(SolutionProperties) = preSolution
		HideSolutionNode = FALSE
	EndGlobalSection
	GlobalSection(ExtensibilityGlobals) = postSolution
		SolutionGuid = {C557AFFA-40B6-404E-8425-51D5026FD567}
	EndGlobalSection
EndGlobal
